
Microsoft Visual Studio Solution File, Format Version 12.00
# Visual Studio 2013
VisualStudioVersion = 12.0.31101.0
MinimumVisualStudioVersion = 10.0.40219.1
Project("{FAE04EC0-301F-11D3-BF4B-00C04F79EFBC}") = "WhileDemo", "LoopsDemo\WhileDemo.csproj", "{49F3F82D-9209-4FDF-A1BA-F2A66C65B097}"
EndProject
Project("{FAE04EC0-301F-11D3-BF4B-00C04F79EFBC}") = "DoWhileDemo", "DoWhileDemo\DoWhileDemo.csproj", "{EA77CD77-13BB-453F-B8F5-781B66D94B24}"
EndProject
Project("{FAE04EC0-301F-11D3-BF4B-00C04F79EFBC}") = "ForDemo", "ForDemo\ForDemo.csproj", "{ECBF327F-AF5A-4F24-AE38-65A090002258}"
EndProject
Project("{FAE04EC0-301F-11D3-BF4B-00C04F79EFBC}") = "ForEachDemo", "ForEachDemo\ForEachDemo.csproj", "{AFDCDCA9-9355-4C4C-8D32-2EF15EDD544E}"
EndProject
Global
	GlobalSection(SolutionConfigurationPlatforms) = preSolution
		Debug|Any CPU = Debug|Any CPU
		Release|Any CPU = Release|Any CPU
	EndGlobalSection
	GlobalSection(ProjectConfigurationPlatforms) = postSolution
		{49F3F82D-9209-4FDF-A1BA-F2A66C65B097}.Debug|Any CPU.ActiveCfg = Debug|Any CPU
		{49F3F82D-9209-4FDF-A1BA-F2A66C65B097}.Debug|Any CPU.Build.0 = Debug|Any CPU
		{49F3F82D-9209-4FDF-A1BA-F2A66C65B097}.Release|Any CPU.ActiveCfg = Release|Any CPU
		{49F3F82D-9209-4FDF-A1BA-F2A66C65B097}.Release|Any CPU.Build.0 = Release|Any CPU
		{EA77CD77-13BB-453F-B8F5-781B66D94B24}.Debug|Any CPU.ActiveCfg = Debug|Any CPU
		{EA77CD77-13BB-453F-B8F5-781B66D94B24}.Debug|Any CPU.Build.0 = Debug|Any CPU
		{EA77CD77-13BB-453F-B8F5-781B66D94B24}.Release|Any CPU.ActiveCfg = Release|Any CPU
		{EA77CD77-13BB-453F-B8F5-781B66D94B24}.Release|Any CPU.Build.0 = Release|Any CPU
		{ECBF327F-AF5A-4F24-AE38-65A090002258}.Debug|Any CPU.ActiveCfg = Debug|Any CPU
		{ECBF327F-AF5A-4F24-AE38-65A090002258}.Debug|Any CPU.Build.0 = Debug|Any CPU
		{ECBF327F-AF5A-4F24-AE38-65A090002258}.Release|Any CPU.ActiveCfg = Release|Any CPU
		{ECBF327F-AF5A-4F24-AE38-65A090002258}.Release|Any CPU.Build.0 = Release|Any CPU
		{AFDCDCA9-9355-4C4C-8D32-2EF15EDD544E}.Debug|Any CPU.ActiveCfg = Debug|Any CPU
		{AFDCDCA9-9355-4C4C-8D32-2EF15EDD544E}.Debug|Any CPU.Build.0 = Debug|Any CPU
		{AFDCDCA9-9355-4C4C-8D32-2EF15EDD544E}.Release|Any CPU.ActiveCfg = Release|Any CPU
		{AFDCDCA9-9355-4C4C-8D32-2EF15EDD544E}.Release|Any CPU.Build.0 = Release|Any CPU
	EndGlobalSection
	GlobalSection(SolutionProperties) = preSolution
		HideSolutionNode = FALSE
	EndGlobalSection
EndGlobal
