
Microsoft Visual Studio Solution File, Format Version 12.00
# Visual Studio 14
VisualStudioVersion = 14.0.25420.1
MinimumVisualStudioVersion = 10.0.40219.1
Project("{FAE04EC0-301F-11D3-BF4B-00C04F79EFBC}") = "Declare Variables", "Declare Variables\Declare Variables.csproj", "{2864F782-3F12-4E2A-B4FA-8618D4C17497}"
EndProject
Project("{FAE04EC0-301F-11D3-BF4B-00C04F79EFBC}") = "FloatOrDouble", "FloatOrDouble\FloatOrDouble.csproj", "{3CC8C5CB-3A58-495A-89B9-A53D9DE4175E}"
EndProject
Project("{FAE04EC0-301F-11D3-BF4B-00C04F79EFBC}") = "BooleanVariable", "BooleanVariable\BooleanVariable.csproj", "{A221DD0A-B985-4EDE-A6E8-5A74B5369911}"
EndProject
Project("{FAE04EC0-301F-11D3-BF4B-00C04F79EFBC}") = "StringsAndObjects", "StringsAndObjects\StringsAndObjects.csproj", "{41540F52-B39B-41BF-A830-13FC177831A0}"
EndProject
Project("{FAE04EC0-301F-11D3-BF4B-00C04F79EFBC}") = "EmployeeData", "EmployeeData\EmployeeData.csproj", "{DA3704ED-FB4C-4696-BB97-960F8CBC6345}"
EndProject
Global
	GlobalSection(SolutionConfigurationPlatforms) = preSolution
		Debug|Any CPU = Debug|Any CPU
		Release|Any CPU = Release|Any CPU
	EndGlobalSection
	GlobalSection(ProjectConfigurationPlatforms) = postSolution
		{2864F782-3F12-4E2A-B4FA-8618D4C17497}.Debug|Any CPU.ActiveCfg = Debug|Any CPU
		{2864F782-3F12-4E2A-B4FA-8618D4C17497}.Debug|Any CPU.Build.0 = Debug|Any CPU
		{2864F782-3F12-4E2A-B4FA-8618D4C17497}.Release|Any CPU.ActiveCfg = Release|Any CPU
		{2864F782-3F12-4E2A-B4FA-8618D4C17497}.Release|Any CPU.Build.0 = Release|Any CPU
		{3CC8C5CB-3A58-495A-89B9-A53D9DE4175E}.Debug|Any CPU.ActiveCfg = Debug|Any CPU
		{3CC8C5CB-3A58-495A-89B9-A53D9DE4175E}.Debug|Any CPU.Build.0 = Debug|Any CPU
		{3CC8C5CB-3A58-495A-89B9-A53D9DE4175E}.Release|Any CPU.ActiveCfg = Release|Any CPU
		{3CC8C5CB-3A58-495A-89B9-A53D9DE4175E}.Release|Any CPU.Build.0 = Release|Any CPU
		{A221DD0A-B985-4EDE-A6E8-5A74B5369911}.Debug|Any CPU.ActiveCfg = Debug|Any CPU
		{A221DD0A-B985-4EDE-A6E8-5A74B5369911}.Debug|Any CPU.Build.0 = Debug|Any CPU
		{A221DD0A-B985-4EDE-A6E8-5A74B5369911}.Release|Any CPU.ActiveCfg = Release|Any CPU
		{A221DD0A-B985-4EDE-A6E8-5A74B5369911}.Release|Any CPU.Build.0 = Release|Any CPU
		{41540F52-B39B-41BF-A830-13FC177831A0}.Debug|Any CPU.ActiveCfg = Debug|Any CPU
		{41540F52-B39B-41BF-A830-13FC177831A0}.Debug|Any CPU.Build.0 = Debug|Any CPU
		{41540F52-B39B-41BF-A830-13FC177831A0}.Release|Any CPU.ActiveCfg = Release|Any CPU
		{41540F52-B39B-41BF-A830-13FC177831A0}.Release|Any CPU.Build.0 = Release|Any CPU
		{DA3704ED-FB4C-4696-BB97-960F8CBC6345}.Debug|Any CPU.ActiveCfg = Debug|Any CPU
		{DA3704ED-FB4C-4696-BB97-960F8CBC6345}.Debug|Any CPU.Build.0 = Debug|Any CPU
		{DA3704ED-FB4C-4696-BB97-960F8CBC6345}.Release|Any CPU.ActiveCfg = Release|Any CPU
		{DA3704ED-FB4C-4696-BB97-960F8CBC6345}.Release|Any CPU.Build.0 = Release|Any CPU
	EndGlobalSection
	GlobalSection(SolutionProperties) = preSolution
		HideSolutionNode = FALSE
	EndGlobalSection
EndGlobal
